
Microsoft Visual Studio Solution File, Format Version 12.00
# Visual Studio Version 17
VisualStudioVersion = 17.6.33723.286
MinimumVisualStudioVersion = 10.0.40219.1
Project("{FAE04EC0-301F-11D3-BF4B-00C04F79EFBC}") = "transport-business-project", "transport-business-project\transport-business-project.csproj", "{04F9AD91-26D9-4BC1-A7A1-17A7DC955A7B}"
EndProject
Global
	GlobalSection(SolutionConfigurationPlatforms) = preSolution
		Debug|Any CPU = Debug|Any CPU
		Release|Any CPU = Release|Any CPU
	EndGlobalSection
	GlobalSection(ProjectConfigurationPlatforms) = postSolution
		{04F9AD91-26D9-4BC1-A7A1-17A7DC955A7B}.Debug|Any CPU.ActiveCfg = Debug|Any CPU
		{04F9AD91-26D9-4BC1-A7A1-17A7DC955A7B}.Debug|Any CPU.Build.0 = Debug|Any CPU
		{04F9AD91-26D9-4BC1-A7A1-17A7DC955A7B}.Release|Any CPU.ActiveCfg = Release|Any CPU
		{04F9AD91-26D9-4BC1-A7A1-17A7DC955A7B}.Release|Any CPU.Build.0 = Release|Any CPU
	EndGlobalSection
	GlobalSection(SolutionProperties) = preSolution
		HideSolutionNode = FALSE
	EndGlobalSection
	GlobalSection(ExtensibilityGlobals) = postSolution
		SolutionGuid = {4F17D3B5-8751-4419-9923-74F7BC816023}
	EndGlobalSection
EndGlobal
